
Microsoft Visual Studio Solution File, Format Version 12.00
# Visual Studio 15
VisualStudioVersion = 15.0.27004.2002
MinimumVisualStudioVersion = 10.0.40219.1
Project("{FAE04EC0-301F-11D3-BF4B-00C04F79EFBC}") = "WebFormsTest", "WebFormsTest\WebFormsTest.csproj", "{B9B60FAA-BBEB-4997-9B4F-843C346B955E}"
EndProject
Global
	GlobalSection(SolutionConfigurationPlatforms) = preSolution
		Debug|Any CPU = Debug|Any CPU
		Release|Any CPU = Release|Any CPU
	EndGlobalSection
	GlobalSection(ProjectConfigurationPlatforms) = postSolution
		{B9B60FAA-BBEB-4997-9B4F-843C346B955E}.Debug|Any CPU.ActiveCfg = Debug|Any CPU
		{B9B60FAA-BBEB-4997-9B4F-843C346B955E}.Debug|Any CPU.Build.0 = Debug|Any CPU
		{B9B60FAA-BBEB-4997-9B4F-843C346B955E}.Release|Any CPU.ActiveCfg = Release|Any CPU
		{B9B60FAA-BBEB-4997-9B4F-843C346B955E}.Release|Any CPU.Build.0 = Release|Any CPU
	EndGlobalSection
	GlobalSection(SolutionProperties) = preSolution
		HideSolutionNode = FALSE
	EndGlobalSection
	GlobalSection(ExtensibilityGlobals) = postSolution
		SolutionGuid = {CA19CDA5-5949-4DC1-B106-8A3CB3B22F65}
	EndGlobalSection
EndGlobal
